
Microsoft Visual Studio Solution File, Format Version 12.00
# Visual Studio Version 16
VisualStudioVersion = 16.0.31624.102
MinimumVisualStudioVersion = 10.0.40219.1
Project("{FAE04EC0-301F-11D3-BF4B-00C04F79EFBC}") = "WHİLE-FOREACH", "WHİLE-FOREACH.csproj", "{2CCCD684-6551-4D7A-AE16-F90B5BA23F53}"
EndProject
Global
	GlobalSection(SolutionConfigurationPlatforms) = preSolution
		Debug|Any CPU = Debug|Any CPU
		Release|Any CPU = Release|Any CPU
	EndGlobalSection
	GlobalSection(ProjectConfigurationPlatforms) = postSolution
		{2CCCD684-6551-4D7A-AE16-F90B5BA23F53}.Debug|Any CPU.ActiveCfg = Debug|Any CPU
		{2CCCD684-6551-4D7A-AE16-F90B5BA23F53}.Debug|Any CPU.Build.0 = Debug|Any CPU
		{2CCCD684-6551-4D7A-AE16-F90B5BA23F53}.Release|Any CPU.ActiveCfg = Release|Any CPU
		{2CCCD684-6551-4D7A-AE16-F90B5BA23F53}.Release|Any CPU.Build.0 = Release|Any CPU
	EndGlobalSection
	GlobalSection(SolutionProperties) = preSolution
		HideSolutionNode = FALSE
	EndGlobalSection
	GlobalSection(ExtensibilityGlobals) = postSolution
		SolutionGuid = {995E3135-F5A6-4FDC-9D72-29563649AA7E}
	EndGlobalSection
EndGlobal
